
Microsoft Visual Studio Solution File, Format Version 12.00
# Visual Studio 15
VisualStudioVersion = 15.0.26124.0
MinimumVisualStudioVersion = 15.0.26124.0
Project("{FAE04EC0-301F-11D3-BF4B-00C04F79EFBC}") = "FirstLove.Repository", "FirstLove.Repository\FirstLove.Repository.csproj", "{A6014339-43B3-4F50-9B34-70F24B819BD4}"
EndProject
Project("{FAE04EC0-301F-11D3-BF4B-00C04F79EFBC}") = "FirstLove.Web", "FirstLove.Web\FirstLove.Web.csproj", "{9D4D6AC3-89D3-4A2D-99F2-CF55F495A54A}"
EndProject
Global
	GlobalSection(SolutionConfigurationPlatforms) = preSolution
		Debug|Any CPU = Debug|Any CPU
		Debug|x64 = Debug|x64
		Debug|x86 = Debug|x86
		Release|Any CPU = Release|Any CPU
		Release|x64 = Release|x64
		Release|x86 = Release|x86
	EndGlobalSection
	GlobalSection(SolutionProperties) = preSolution
		HideSolutionNode = FALSE
	EndGlobalSection
	GlobalSection(ProjectConfigurationPlatforms) = postSolution
		{A6014339-43B3-4F50-9B34-70F24B819BD4}.Debug|Any CPU.ActiveCfg = Debug|Any CPU
		{A6014339-43B3-4F50-9B34-70F24B819BD4}.Debug|Any CPU.Build.0 = Debug|Any CPU
		{A6014339-43B3-4F50-9B34-70F24B819BD4}.Debug|x64.ActiveCfg = Debug|Any CPU
		{A6014339-43B3-4F50-9B34-70F24B819BD4}.Debug|x64.Build.0 = Debug|Any CPU
		{A6014339-43B3-4F50-9B34-70F24B819BD4}.Debug|x86.ActiveCfg = Debug|Any CPU
		{A6014339-43B3-4F50-9B34-70F24B819BD4}.Debug|x86.Build.0 = Debug|Any CPU
		{A6014339-43B3-4F50-9B34-70F24B819BD4}.Release|Any CPU.ActiveCfg = Release|Any CPU
		{A6014339-43B3-4F50-9B34-70F24B819BD4}.Release|Any CPU.Build.0 = Release|Any CPU
		{A6014339-43B3-4F50-9B34-70F24B819BD4}.Release|x64.ActiveCfg = Release|Any CPU
		{A6014339-43B3-4F50-9B34-70F24B819BD4}.Release|x64.Build.0 = Release|Any CPU
		{A6014339-43B3-4F50-9B34-70F24B819BD4}.Release|x86.ActiveCfg = Release|Any CPU
		{A6014339-43B3-4F50-9B34-70F24B819BD4}.Release|x86.Build.0 = Release|Any CPU
		{9D4D6AC3-89D3-4A2D-99F2-CF55F495A54A}.Debug|Any CPU.ActiveCfg = Debug|Any CPU
		{9D4D6AC3-89D3-4A2D-99F2-CF55F495A54A}.Debug|Any CPU.Build.0 = Debug|Any CPU
		{9D4D6AC3-89D3-4A2D-99F2-CF55F495A54A}.Debug|x64.ActiveCfg = Debug|Any CPU
		{9D4D6AC3-89D3-4A2D-99F2-CF55F495A54A}.Debug|x64.Build.0 = Debug|Any CPU
		{9D4D6AC3-89D3-4A2D-99F2-CF55F495A54A}.Debug|x86.ActiveCfg = Debug|Any CPU
		{9D4D6AC3-89D3-4A2D-99F2-CF55F495A54A}.Debug|x86.Build.0 = Debug|Any CPU
		{9D4D6AC3-89D3-4A2D-99F2-CF55F495A54A}.Release|Any CPU.ActiveCfg = Release|Any CPU
		{9D4D6AC3-89D3-4A2D-99F2-CF55F495A54A}.Release|Any CPU.Build.0 = Release|Any CPU
		{9D4D6AC3-89D3-4A2D-99F2-CF55F495A54A}.Release|x64.ActiveCfg = Release|Any CPU
		{9D4D6AC3-89D3-4A2D-99F2-CF55F495A54A}.Release|x64.Build.0 = Release|Any CPU
		{9D4D6AC3-89D3-4A2D-99F2-CF55F495A54A}.Release|x86.ActiveCfg = Release|Any CPU
		{9D4D6AC3-89D3-4A2D-99F2-CF55F495A54A}.Release|x86.Build.0 = Release|Any CPU
	EndGlobalSection
EndGlobal
